<?xml version="1.0" encoding="utf-8"?>
<Project ToolsVersion="4.0" xmlns="http://schemas.microsoft.com/developer/msbuild/2003">
  <ItemGroup>
    <Filter Include="源文件">
      <UniqueIdentifier>{4FC737F1-C7A5-4376-A066-2A32D752A2FF}</UniqueIdentifier>
      <Extensions>cpp;c;cc;cxx;def;odl;idl;hpj;bat;asm;asmx</Extensions>
    </Filter>
    <Filter Include="头文件">
      <UniqueIdentifier>{93995380-89BD-4b04-88EB-625FBE52EBFB}</UniqueIdentifier>
      <Extensions>h;hpp;hxx;hm;inl;inc;xsd</Extensions>
    </Filter>
    <Filter Include="资源文件">
      <UniqueIdentifier>{67DA6AB6-F800-4c08-8B7A-83BB121AAD01}</UniqueIdentifier>
      <Extensions>rc;ico;cur;bmp;dlg;rc2;rct;bin;rgs;gif;jpg;jpeg;jpe;resx;tiff;tif;png;wav;mfcribbon-ms</Extensions>
    </Filter>
  </ItemGroup>
  <ItemGroup>
    <ClInclude Include="axutil_getopt_windows.h">
      <Filter>头文件</Filter>
    </ClInclude>
    <ClInclude Include="axutil_utils_defines.h">
      <Filter>头文件</Filter>
    </ClInclude>
    <ClInclude Include="Basic.h">
      <Filter>头文件</Filter>
    </ClInclude>
    <ClInclude Include="BasicDefinitions.h">
      <Filter>头文件</Filter>
    </ClInclude>
    <ClInclude Include="BucketHashing.h">
      <Filter>头文件</Filter>
    </ClInclude>
    <ClInclude Include="dirent.h">
      <Filter>头文件</Filter>
    </ClInclude>
    <ClInclude Include="Geometry.h">
      <Filter>头文件</Filter>
    </ClInclude>
    <ClInclude Include="GlobalVars.h">
      <Filter>头文件</Filter>
    </ClInclude>
    <ClInclude Include="headers.h">
      <Filter>头文件</Filter>
    </ClInclude>
    <ClInclude Include="imgfeatures.h">
      <Filter>头文件</Filter>
    </ClInclude>
    <ClInclude Include="kdtree.h">
      <Filter>头文件</Filter>
    </ClInclude>
    <ClInclude Include="LocalitySensitiveHashing.h">
      <Filter>头文件</Filter>
    </ClInclude>
    <ClInclude Include="mach.h">
      <Filter>头文件</Filter>
    </ClInclude>
    <ClInclude Include="main.h">
      <Filter>头文件</Filter>
    </ClInclude>
    <ClInclude Include="minpq.h">
      <Filter>头文件</Filter>
    </ClInclude>
    <ClInclude Include="myBase_Tools.h">
      <Filter>头文件</Filter>
    </ClInclude>
    <ClInclude Include="myFeat_Tools.h">
      <Filter>头文件</Filter>
    </ClInclude>
    <ClInclude Include="myFile_tools.h">
      <Filter>头文件</Filter>
    </ClInclude>
    <ClInclude Include="myMatrix_tools.h">
      <Filter>头文件</Filter>
    </ClInclude>
    <ClInclude Include="myPicture_tools.h">
      <Filter>头文件</Filter>
    </ClInclude>
    <ClInclude Include="mysql_main.h">
      <Filter>头文件</Filter>
    </ClInclude>
    <ClInclude Include="mysql_tools.h">
      <Filter>头文件</Filter>
    </ClInclude>
    <ClInclude Include="NearNeighbors.h">
      <Filter>头文件</Filter>
    </ClInclude>
    <ClInclude Include="pca.h">
      <Filter>头文件</Filter>
    </ClInclude>
    <ClInclude Include="Random.h">
      <Filter>头文件</Filter>
    </ClInclude>
    <ClInclude Include="SelfTuning.h">
      <Filter>头文件</Filter>
    </ClInclude>
    <ClInclude Include="sift.h">
      <Filter>头文件</Filter>
    </ClInclude>
    <ClInclude Include="tools.h">
      <Filter>头文件</Filter>
    </ClInclude>
    <ClInclude Include="Util.h">
      <Filter>头文件</Filter>
    </ClInclude>
    <ClInclude Include="utils.h">
      <Filter>头文件</Filter>
    </ClInclude>
    <ClInclude Include="xform.h">
      <Filter>头文件</Filter>
    </ClInclude>
    <ClInclude Include="mach_base.h">
      <Filter>头文件</Filter>
    </ClInclude>
    <ClInclude Include="mach_index.h">
      <Filter>头文件</Filter>
    </ClInclude>
  </ItemGroup>
  <ItemGroup>
    <ClCompile Include="Basic.cpp">
      <Filter>源文件</Filter>
    </ClCompile>
    <ClCompile Include="BucketHashing.cpp">
      <Filter>源文件</Filter>
    </ClCompile>
    <ClCompile Include="Geometry.cpp">
      <Filter>源文件</Filter>
    </ClCompile>
    <ClCompile Include="getopt_windows.cpp">
      <Filter>源文件</Filter>
    </ClCompile>
    <ClCompile Include="GlobalVars.cpp">
      <Filter>源文件</Filter>
    </ClCompile>
    <ClCompile Include="imgfeatures.cpp">
      <Filter>源文件</Filter>
    </ClCompile>
    <ClCompile Include="kdtree.cpp">
      <Filter>源文件</Filter>
    </ClCompile>
    <ClCompile Include="LocalitySensitiveHashing.cpp">
      <Filter>源文件</Filter>
    </ClCompile>
    <ClCompile Include="LSHMain.cpp">
      <Filter>源文件</Filter>
    </ClCompile>
    <ClCompile Include="main.cpp">
      <Filter>源文件</Filter>
    </ClCompile>
    <ClCompile Include="match.cpp">
      <Filter>源文件</Filter>
    </ClCompile>
    <ClCompile Include="minpq.cpp">
      <Filter>源文件</Filter>
    </ClCompile>
    <ClCompile Include="myBase_tools.cpp">
      <Filter>源文件</Filter>
    </ClCompile>
    <ClCompile Include="myFeat_tools.cpp">
      <Filter>源文件</Filter>
    </ClCompile>
    <ClCompile Include="myFile_tools.cpp">
      <Filter>源文件</Filter>
    </ClCompile>
    <ClCompile Include="myMatrix_tools.cpp">
      <Filter>源文件</Filter>
    </ClCompile>
    <ClCompile Include="myPicture_tools.cpp">
      <Filter>源文件</Filter>
    </ClCompile>
    <ClCompile Include="mysql_main.cpp">
      <Filter>源文件</Filter>
    </ClCompile>
    <ClCompile Include="mysql_tools.cpp">
      <Filter>源文件</Filter>
    </ClCompile>
    <ClCompile Include="NearNeighbors.cpp">
      <Filter>源文件</Filter>
    </ClCompile>
    <ClCompile Include="pca.cpp">
      <Filter>源文件</Filter>
    </ClCompile>
    <ClCompile Include="Random.cpp">
      <Filter>源文件</Filter>
    </ClCompile>
    <ClCompile Include="SelfTuning.cpp">
      <Filter>源文件</Filter>
    </ClCompile>
    <ClCompile Include="sift.cpp">
      <Filter>源文件</Filter>
    </ClCompile>
    <ClCompile Include="tools.cpp">
      <Filter>源文件</Filter>
    </ClCompile>
    <ClCompile Include="Util.cpp">
      <Filter>源文件</Filter>
    </ClCompile>
    <ClCompile Include="utils.cpp">
      <Filter>源文件</Filter>
    </ClCompile>
    <ClCompile Include="xform.cpp">
      <Filter>源文件</Filter>
    </ClCompile>
    <ClCompile Include="mach_index.cpp">
      <Filter>源文件</Filter>
    </ClCompile>
  </ItemGroup>
  <ItemGroup>
    <None Include="libmysql.dll" />
  </ItemGroup>
</Project>